
Microsoft Visual Studio Solution File, Format Version 12.00
# Visual Studio Version 16
VisualStudioVersion = 16.0.808.9
MinimumVisualStudioVersion = 10.0.40219.1
Project("{FAE04EC0-301F-11D3-BF4B-00C04F79EFBC}") = "Lab3Maistrenko", "Lab3Maistrenko\Lab3Maistrenko.csproj", "{34804280-C422-4607-A5BE-931501C8A34C}"
EndProject
Project("{FAE04EC0-301F-11D3-BF4B-00C04F79EFBC}") = "Models", "Models\Models.csproj", "{9140A857-CFC7-4110-8F6E-FD67D3B5051A}"
EndProject
Global
	GlobalSection(SolutionConfigurationPlatforms) = preSolution
		Debug|Any CPU = Debug|Any CPU
		Release|Any CPU = Release|Any CPU
	EndGlobalSection
	GlobalSection(ProjectConfigurationPlatforms) = postSolution
		{34804280-C422-4607-A5BE-931501C8A34C}.Debug|Any CPU.ActiveCfg = Debug|Any CPU
		{34804280-C422-4607-A5BE-931501C8A34C}.Debug|Any CPU.Build.0 = Debug|Any CPU
		{34804280-C422-4607-A5BE-931501C8A34C}.Release|Any CPU.ActiveCfg = Release|Any CPU
		{34804280-C422-4607-A5BE-931501C8A34C}.Release|Any CPU.Build.0 = Release|Any CPU
		{9140A857-CFC7-4110-8F6E-FD67D3B5051A}.Debug|Any CPU.ActiveCfg = Debug|Any CPU
		{9140A857-CFC7-4110-8F6E-FD67D3B5051A}.Debug|Any CPU.Build.0 = Debug|Any CPU
		{9140A857-CFC7-4110-8F6E-FD67D3B5051A}.Release|Any CPU.ActiveCfg = Release|Any CPU
		{9140A857-CFC7-4110-8F6E-FD67D3B5051A}.Release|Any CPU.Build.0 = Release|Any CPU
	EndGlobalSection
	GlobalSection(SolutionProperties) = preSolution
		HideSolutionNode = FALSE
	EndGlobalSection
	GlobalSection(ExtensibilityGlobals) = postSolution
		SolutionGuid = {239CDA1E-5F8B-4225-BD15-3CEDF73C4DDC}
	EndGlobalSection
EndGlobal
